
Microsoft Visual Studio Solution File, Format Version 12.00
# Visual Studio Version 17
VisualStudioVersion = 17.1.32421.90
MinimumVisualStudioVersion = 10.0.40219.1
Project("{FAE04EC0-301F-11D3-BF4B-00C04F79EFBC}") = "17.06.2022 ASP-DataTransfer-DbContext", "17.06.2022 ASP-DataTransfer-DbContext\17.06.2022 ASP-DataTransfer-DbContext.csproj", "{6D3CCF63-2433-4A15-B30B-3E1941AC80A8}"
EndProject
Global
	GlobalSection(SolutionConfigurationPlatforms) = preSolution
		Debug|Any CPU = Debug|Any CPU
		Release|Any CPU = Release|Any CPU
	EndGlobalSection
	GlobalSection(ProjectConfigurationPlatforms) = postSolution
		{6D3CCF63-2433-4A15-B30B-3E1941AC80A8}.Debug|Any CPU.ActiveCfg = Debug|Any CPU
		{6D3CCF63-2433-4A15-B30B-3E1941AC80A8}.Debug|Any CPU.Build.0 = Debug|Any CPU
		{6D3CCF63-2433-4A15-B30B-3E1941AC80A8}.Release|Any CPU.ActiveCfg = Release|Any CPU
		{6D3CCF63-2433-4A15-B30B-3E1941AC80A8}.Release|Any CPU.Build.0 = Release|Any CPU
	EndGlobalSection
	GlobalSection(SolutionProperties) = preSolution
		HideSolutionNode = FALSE
	EndGlobalSection
	GlobalSection(ExtensibilityGlobals) = postSolution
		SolutionGuid = {34FFF929-3630-4E34-8E74-9C3B2A9CAD9C}
	EndGlobalSection
EndGlobal
